
Microsoft Visual Studio Solution File, Format Version 12.00
# Visual Studio Version 17
VisualStudioVersion = 17.0.32014.148
MinimumVisualStudioVersion = 10.0.40219.1
Project("{9A19103F-16F7-4668-BE54-9A1E7A4F7556}") = "Entities", "Entities\Entities.csproj", "{621153A2-64CA-489F-9AD1-CADF166795A9}"
EndProject
Project("{9A19103F-16F7-4668-BE54-9A1E7A4F7556}") = "DataAccess", "DataAccess\DataAccess.csproj", "{545494BD-F1DB-43C7-8BB0-BE49D60F5314}"
EndProject
Project("{FAE04EC0-301F-11D3-BF4B-00C04F79EFBC}") = "Business", "Business\Business.csproj", "{BB0149B9-4DD6-41E3-B2BB-6FC56A6CADC2}"
EndProject
Project("{FAE04EC0-301F-11D3-BF4B-00C04F79EFBC}") = "WebAPI", "WebAPI\WebAPI.csproj", "{31EC8BC2-96E3-4147-8EE4-980E55516B89}"
EndProject
Global
	GlobalSection(SolutionConfigurationPlatforms) = preSolution
		Debug|Any CPU = Debug|Any CPU
		Release|Any CPU = Release|Any CPU
	EndGlobalSection
	GlobalSection(ProjectConfigurationPlatforms) = postSolution
		{621153A2-64CA-489F-9AD1-CADF166795A9}.Debug|Any CPU.ActiveCfg = Debug|Any CPU
		{621153A2-64CA-489F-9AD1-CADF166795A9}.Debug|Any CPU.Build.0 = Debug|Any CPU
		{621153A2-64CA-489F-9AD1-CADF166795A9}.Release|Any CPU.ActiveCfg = Release|Any CPU
		{621153A2-64CA-489F-9AD1-CADF166795A9}.Release|Any CPU.Build.0 = Release|Any CPU
		{545494BD-F1DB-43C7-8BB0-BE49D60F5314}.Debug|Any CPU.ActiveCfg = Debug|Any CPU
		{545494BD-F1DB-43C7-8BB0-BE49D60F5314}.Debug|Any CPU.Build.0 = Debug|Any CPU
		{545494BD-F1DB-43C7-8BB0-BE49D60F5314}.Release|Any CPU.ActiveCfg = Release|Any CPU
		{545494BD-F1DB-43C7-8BB0-BE49D60F5314}.Release|Any CPU.Build.0 = Release|Any CPU
		{BB0149B9-4DD6-41E3-B2BB-6FC56A6CADC2}.Debug|Any CPU.ActiveCfg = Debug|Any CPU
		{BB0149B9-4DD6-41E3-B2BB-6FC56A6CADC2}.Debug|Any CPU.Build.0 = Debug|Any CPU
		{BB0149B9-4DD6-41E3-B2BB-6FC56A6CADC2}.Release|Any CPU.ActiveCfg = Release|Any CPU
		{BB0149B9-4DD6-41E3-B2BB-6FC56A6CADC2}.Release|Any CPU.Build.0 = Release|Any CPU
		{31EC8BC2-96E3-4147-8EE4-980E55516B89}.Debug|Any CPU.ActiveCfg = Debug|Any CPU
		{31EC8BC2-96E3-4147-8EE4-980E55516B89}.Debug|Any CPU.Build.0 = Debug|Any CPU
		{31EC8BC2-96E3-4147-8EE4-980E55516B89}.Release|Any CPU.ActiveCfg = Release|Any CPU
		{31EC8BC2-96E3-4147-8EE4-980E55516B89}.Release|Any CPU.Build.0 = Release|Any CPU
	EndGlobalSection
	GlobalSection(SolutionProperties) = preSolution
		HideSolutionNode = FALSE
	EndGlobalSection
	GlobalSection(ExtensibilityGlobals) = postSolution
		SolutionGuid = {BE7B836A-B72C-4906-AD5E-1C68C6C47426}
	EndGlobalSection
EndGlobal
